
Microsoft Visual Studio Solution File, Format Version 12.00
# Visual Studio Version 17
VisualStudioVersion = 17.2.32616.157
MinimumVisualStudioVersion = 10.0.40219.1
Project("{FAE04EC0-301F-11D3-BF4B-00C04F79EFBC}") = "WebApi", "WebApi\WebApi.csproj", "{CF7139AD-9BB5-41DA-9D3B-DFA8D3FB5656}"
EndProject
Project("{2150E333-8FDC-42A3-9474-1A3956D46DE8}") = "Src", "Src", "{800BFA44-F73C-45FF-86A7-FB7A5A8CB563}"
EndProject
Project("{FAE04EC0-301F-11D3-BF4B-00C04F79EFBC}") = "Domain", "Domain\Domain.csproj", "{A2FA78D5-4AA6-4DFA-B777-3EC0EBC5AB2E}"
EndProject
Project("{FAE04EC0-301F-11D3-BF4B-00C04F79EFBC}") = "Application", "Application\Application.csproj", "{645F2450-A441-4FCC-BE04-0555733DF5A7}"
EndProject
Project("{FAE04EC0-301F-11D3-BF4B-00C04F79EFBC}") = "Infrastructure", "Infrastructure\Infrastructure.csproj", "{308E9975-8D2C-40EE-9986-B5D0D1A53B03}"
EndProject
Project("{2150E333-8FDC-42A3-9474-1A3956D46DE8}") = "Core", "Core", "{516FC951-C5CF-4908-A961-15137F1232F8}"
EndProject
Project("{2150E333-8FDC-42A3-9474-1A3956D46DE8}") = "Host", "Host", "{73093C6A-3531-4603-AB35-AA83AFD0B596}"
EndProject
Project("{2150E333-8FDC-42A3-9474-1A3956D46DE8}") = "Infra", "Infra", "{5BAB9107-5D1A-4184-9F0B-8078FC0C81D9}"
EndProject
Global
	GlobalSection(SolutionConfigurationPlatforms) = preSolution
		Debug|Any CPU = Debug|Any CPU
		Release|Any CPU = Release|Any CPU
	EndGlobalSection
	GlobalSection(ProjectConfigurationPlatforms) = postSolution
		{CF7139AD-9BB5-41DA-9D3B-DFA8D3FB5656}.Debug|Any CPU.ActiveCfg = Debug|Any CPU
		{CF7139AD-9BB5-41DA-9D3B-DFA8D3FB5656}.Debug|Any CPU.Build.0 = Debug|Any CPU
		{CF7139AD-9BB5-41DA-9D3B-DFA8D3FB5656}.Release|Any CPU.ActiveCfg = Release|Any CPU
		{CF7139AD-9BB5-41DA-9D3B-DFA8D3FB5656}.Release|Any CPU.Build.0 = Release|Any CPU
		{A2FA78D5-4AA6-4DFA-B777-3EC0EBC5AB2E}.Debug|Any CPU.ActiveCfg = Debug|Any CPU
		{A2FA78D5-4AA6-4DFA-B777-3EC0EBC5AB2E}.Debug|Any CPU.Build.0 = Debug|Any CPU
		{A2FA78D5-4AA6-4DFA-B777-3EC0EBC5AB2E}.Release|Any CPU.ActiveCfg = Release|Any CPU
		{A2FA78D5-4AA6-4DFA-B777-3EC0EBC5AB2E}.Release|Any CPU.Build.0 = Release|Any CPU
		{645F2450-A441-4FCC-BE04-0555733DF5A7}.Debug|Any CPU.ActiveCfg = Debug|Any CPU
		{645F2450-A441-4FCC-BE04-0555733DF5A7}.Debug|Any CPU.Build.0 = Debug|Any CPU
		{645F2450-A441-4FCC-BE04-0555733DF5A7}.Release|Any CPU.ActiveCfg = Release|Any CPU
		{645F2450-A441-4FCC-BE04-0555733DF5A7}.Release|Any CPU.Build.0 = Release|Any CPU
		{308E9975-8D2C-40EE-9986-B5D0D1A53B03}.Debug|Any CPU.ActiveCfg = Debug|Any CPU
		{308E9975-8D2C-40EE-9986-B5D0D1A53B03}.Debug|Any CPU.Build.0 = Debug|Any CPU
		{308E9975-8D2C-40EE-9986-B5D0D1A53B03}.Release|Any CPU.ActiveCfg = Release|Any CPU
		{308E9975-8D2C-40EE-9986-B5D0D1A53B03}.Release|Any CPU.Build.0 = Release|Any CPU
	EndGlobalSection
	GlobalSection(SolutionProperties) = preSolution
		HideSolutionNode = FALSE
	EndGlobalSection
	GlobalSection(NestedProjects) = preSolution
		{CF7139AD-9BB5-41DA-9D3B-DFA8D3FB5656} = {73093C6A-3531-4603-AB35-AA83AFD0B596}
		{A2FA78D5-4AA6-4DFA-B777-3EC0EBC5AB2E} = {516FC951-C5CF-4908-A961-15137F1232F8}
		{645F2450-A441-4FCC-BE04-0555733DF5A7} = {516FC951-C5CF-4908-A961-15137F1232F8}
		{308E9975-8D2C-40EE-9986-B5D0D1A53B03} = {5BAB9107-5D1A-4184-9F0B-8078FC0C81D9}
		{516FC951-C5CF-4908-A961-15137F1232F8} = {800BFA44-F73C-45FF-86A7-FB7A5A8CB563}
		{73093C6A-3531-4603-AB35-AA83AFD0B596} = {800BFA44-F73C-45FF-86A7-FB7A5A8CB563}
		{5BAB9107-5D1A-4184-9F0B-8078FC0C81D9} = {800BFA44-F73C-45FF-86A7-FB7A5A8CB563}
	EndGlobalSection
	GlobalSection(ExtensibilityGlobals) = postSolution
		SolutionGuid = {22FC7774-52C1-490B-B40B-228FFCF76FF7}
	EndGlobalSection
EndGlobal
